// !$*UTF8*$!
{
	archiveVersion = 1;
	classes = {
	};
	objectVersion = 46;
	objects = {

/* Begin PBXBuildFile section */
		17A1ECCF1EA1AE68003D0951 /* Defined.swift in Sources */ = {isa = PBXBuildFile; fileRef = 17A1ECCE1EA1AE68003D0951 /* Defined.swift */; };
		17A1ECD11EA1B5CA003D0951 /* Tools.swift in Sources */ = {isa = PBXBuildFile; fileRef = 17A1ECD01EA1B5CA003D0951 /* Tools.swift */; };
		17B789CA1EA5AE8000272B89 /* stack1.png in Resources */ = {isa = PBXBuildFile; fileRef = 17B789C91EA5AE8000272B89 /* stack1.png */; };
		17B789CC1EA5BC6400272B89 /* backImage1.jpg in Resources */ = {isa = PBXBuildFile; fileRef = 17B789CB1EA5BC6400272B89 /* backImage1.jpg */; };
		17EDF45A1E98646C004E5934 /* AppDelegate.swift in Sources */ = {isa = PBXBuildFile; fileRef = 17EDF4591E98646C004E5934 /* AppDelegate.swift */; };
		17EDF45C1E98646C004E5934 /* GameScene.sks in Resources */ = {isa = PBXBuildFile; fileRef = 17EDF45B1E98646C004E5934 /* GameScene.sks */; };
		17EDF4601E98646C004E5934 /* GameScene.swift in Sources */ = {isa = PBXBuildFile; fileRef = 17EDF45F1E98646C004E5934 /* GameScene.swift */; };
		17EDF4621E98646C004E5934 /* GameViewController.swift in Sources */ = {isa = PBXBuildFile; fileRef = 17EDF4611E98646C004E5934 /* GameViewController.swift */; };
		17EDF4651E98646C004E5934 /* Main.storyboard in Resources */ = {isa = PBXBuildFile; fileRef = 17EDF4631E98646C004E5934 /* Main.storyboard */; };
		17EDF4671E98646C004E5934 /* Assets.xcassets in Resources */ = {isa = PBXBuildFile; fileRef = 17EDF4661E98646C004E5934 /* Assets.xcassets */; };
		17EDF46A1E98646C004E5934 /* LaunchScreen.storyboard in Resources */ = {isa = PBXBuildFile; fileRef = 17EDF4681E98646C004E5934 /* LaunchScreen.storyboard */; };
		17EDF4751E98646C004E5934 /* project6Tests.swift in Sources */ = {isa = PBXBuildFile; fileRef = 17EDF4741E98646C004E5934 /* project6Tests.swift */; };
		17EDF4801E98646C004E5934 /* project6UITests.swift in Sources */ = {isa = PBXBuildFile; fileRef = 17EDF47F1E98646C004E5934 /* project6UITests.swift */; };
		C32EA0971E9AC60C007DE45D /* GameKit.framework in Frameworks */ = {isa = PBXBuildFile; fileRef = C32EA0961E9AC60C007DE45D /* GameKit.framework */; };
		C383F2F71EA2E7B500D41BA1 /* stick_background.jpg in Resources */ = {isa = PBXBuildFile; fileRef = C383F2F61EA2E7B500D41BA1 /* stick_background.jpg */; };
		C3B8E1031EA5BFFF00739945 /* player4.png in Resources */ = {isa = PBXBuildFile; fileRef = C3B8E0FF1EA5BFFF00739945 /* player4.png */; };
		C3B8E1041EA5BFFF00739945 /* player3.png in Resources */ = {isa = PBXBuildFile; fileRef = C3B8E1001EA5BFFF00739945 /* player3.png */; };
		C3B8E1051EA5BFFF00739945 /* player2.png in Resources */ = {isa = PBXBuildFile; fileRef = C3B8E1011EA5BFFF00739945 /* player2.png */; };
		C3B8E1061EA5BFFF00739945 /* player1.png in Resources */ = {isa = PBXBuildFile; fileRef = C3B8E1021EA5BFFF00739945 /* player1.png */; };
		C3DE330F1EA1AEB4001EE41E /* button_retry_down.png in Resources */ = {isa = PBXBuildFile; fileRef = C3DE330A1EA1AEB4001EE41E /* button_retry_down.png */; };
		C3DE33101EA1AEB4001EE41E /* button_retry_up.png in Resources */ = {isa = PBXBuildFile; fileRef = C3DE330B1EA1AEB4001EE41E /* button_retry_up.png */; };
		C3DE33111EA1AEB4001EE41E /* stick_background1.jpg in Resources */ = {isa = PBXBuildFile; fileRef = C3DE330C1EA1AEB4001EE41E /* stick_background1.jpg */; };
		C3DE33121EA1AEB4001EE41E /* human1.png in Resources */ = {isa = PBXBuildFile; fileRef = C3DE330D1EA1AEB4001EE41E /* human1.png */; };
		C3DE33131EA1AEB4001EE41E /* human2.png in Resources */ = {isa = PBXBuildFile; fileRef = C3DE330E1EA1AEB4001EE41E /* human2.png */; };
		C3DE331D1EA1C451001EE41E /* bg_country.mp3 in Resources */ = {isa = PBXBuildFile; fileRef = C3DE33151EA1C451001EE41E /* bg_country.mp3 */; };
		C3DE331E1EA1C451001EE41E /* dead.wav in Resources */ = {isa = PBXBuildFile; fileRef = C3DE33161EA1C451001EE41E /* dead.wav */; };
		C3DE331F1EA1C451001EE41E /* fall.wav in Resources */ = {isa = PBXBuildFile; fileRef = C3DE33171EA1C451001EE41E /* fall.wav */; };
		C3DE33201EA1C451001EE41E /* highScore.wav in Resources */ = {isa = PBXBuildFile; fileRef = C3DE33181EA1C451001EE41E /* highScore.wav */; };
		C3DE33211EA1C451001EE41E /* kick.wav in Resources */ = {isa = PBXBuildFile; fileRef = C3DE33191EA1C451001EE41E /* kick.wav */; };
		C3DE33221EA1C451001EE41E /* stick_grow_loop.wav in Resources */ = {isa = PBXBuildFile; fileRef = C3DE331A1EA1C451001EE41E /* stick_grow_loop.wav */; };
		C3DE33231EA1C451001EE41E /* touch_mid.wav in Resources */ = {isa = PBXBuildFile; fileRef = C3DE331B1EA1C451001EE41E /* touch_mid.wav */; };
		C3DE33241EA1C451001EE41E /* victory.wav in Resources */ = {isa = PBXBuildFile; fileRef = C3DE331C1EA1C451001EE41E /* victory.wav */; };
		C3DE33271EA1C464001EE41E /* StarExplosion.sks in Resources */ = {isa = PBXBuildFile; fileRef = C3DE33251EA1C464001EE41E /* StarExplosion.sks */; };
		C3DE33281EA1C464001EE41E /* starParticle.png in Resources */ = {isa = PBXBuildFile; fileRef = C3DE33261EA1C464001EE41E /* starParticle.png */; };
/* End PBXBuildFile section */

/* Begin PBXContainerItemProxy section */
		17EDF4711E98646C004E5934 /* PBXContainerItemProxy */ = {
			isa = PBXContainerItemProxy;
			containerPortal = 17EDF44E1E98646C004E5934 /* Project object */;
			proxyType = 1;
			remoteGlobalIDString = 17EDF4551E98646C004E5934;
			remoteInfo = project6;
		};
		17EDF47C1E98646C004E5934 /* PBXContainerItemProxy */ = {
			isa = PBXContainerItemProxy;
			containerPortal = 17EDF44E1E98646C004E5934 /* Project object */;
			proxyType = 1;
			remoteGlobalIDString = 17EDF4551E98646C004E5934;
			remoteInfo = project6;
		};
/* End PBXContainerItemProxy section */

/* Begin PBXFileReference section */
		17A1ECCE1EA1AE68003D0951 /* Defined.swift */ = {isa = PBXFileReference; fileEncoding = 4; lastKnownFileType = sourcecode.swift; path = Defined.swift; sourceTree = "<group>"; };
		17A1ECD01EA1B5CA003D0951 /* Tools.swift */ = {isa = PBXFileReference; fileEncoding = 4; lastKnownFileType = sourcecode.swift; path = Tools.swift; sourceTree = "<group>"; };
		17B789C91EA5AE8000272B89 /* stack1.png */ = {isa = PBXFileReference; lastKnownFileType = image.png; path = stack1.png; sourceTree = "<group>"; };
		17B789CB1EA5BC6400272B89 /* backImage1.jpg */ = {isa = PBXFileReference; lastKnownFileType = image.jpeg; path = backImage1.jpg; sourceTree = "<group>"; };
		17EDF4561E98646C004E5934 /* project6.app */ = {isa = PBXFileReference; explicitFileType = wrapper.application; includeInIndex = 0; path = project6.app; sourceTree = BUILT_PRODUCTS_DIR; };
		17EDF4591E98646C004E5934 /* AppDelegate.swift */ = {isa = PBXFileReference; lastKnownFileType = sourcecode.swift; path = AppDelegate.swift; sourceTree = "<group>"; };
		17EDF45B1E98646C004E5934 /* GameScene.sks */ = {isa = PBXFileReference; lastKnownFileType = file.sks; path = GameScene.sks; sourceTree = "<group>"; };
		17EDF45F1E98646C004E5934 /* GameScene.swift */ = {isa = PBXFileReference; lastKnownFileType = sourcecode.swift; path = GameScene.swift; sourceTree = "<group>"; };
		17EDF4611E98646C004E5934 /* GameViewController.swift */ = {isa = PBXFileReference; lastKnownFileType = sourcecode.swift; path = GameViewController.swift; sourceTree = "<group>"; };
		17EDF4641E98646C004E5934 /* Base */ = {isa = PBXFileReference; lastKnownFileType = file.storyboard; name = Base; path = Base.lproj/Main.storyboard; sourceTree = "<group>"; };
		17EDF4661E98646C004E5934 /* Assets.xcassets */ = {isa = PBXFileReference; lastKnownFileType = folder.assetcatalog; path = Assets.xcassets; sourceTree = "<group>"; };
		17EDF4691E98646C004E5934 /* Base */ = {isa = PBXFileReference; lastKnownFileType = file.storyboard; name = Base; path = Base.lproj/LaunchScreen.storyboard; sourceTree = "<group>"; };
		17EDF46B1E98646C004E5934 /* Info.plist */ = {isa = PBXFileReference; lastKnownFileType = text.plist.xml; path = Info.plist; sourceTree = "<group>"; };
		17EDF4701E98646C004E5934 /* project6Tests.xctest */ = {isa = PBXFileReference; explicitFileType = wrapper.cfbundle; includeInIndex = 0; path = project6Tests.xctest; sourceTree = BUILT_PRODUCTS_DIR; };
		17EDF4741E98646C004E5934 /* project6Tests.swift */ = {isa = PBXFileReference; lastKnownFileType = sourcecode.swift; path = project6Tests.swift; sourceTree = "<group>"; };
		17EDF4761E98646C004E5934 /* Info.plist */ = {isa = PBXFileReference; lastKnownFileType = text.plist.xml; path = Info.plist; sourceTree = "<group>"; };
		17EDF47B1E98646C004E5934 /* project6UITests.xctest */ = {isa = PBXFileReference; explicitFileType = wrapper.cfbundle; includeInIndex = 0; path = project6UITests.xctest; sourceTree = BUILT_PRODUCTS_DIR; };
		17EDF47F1E98646C004E5934 /* project6UITests.swift */ = {isa = PBXFileReference; lastKnownFileType = sourcecode.swift; path = project6UITests.swift; sourceTree = "<group>"; };
		17EDF4811E98646C004E5934 /* Info.plist */ = {isa = PBXFileReference; lastKnownFileType = text.plist.xml; path = Info.plist; sourceTree = "<group>"; };
		C32EA0961E9AC60C007DE45D /* GameKit.framework */ = {isa = PBXFileReference; lastKnownFileType = wrapper.framework; name = GameKit.framework; path = System/Library/Frameworks/GameKit.framework; sourceTree = SDKROOT; };
		C383F2F61EA2E7B500D41BA1 /* stick_background.jpg */ = {isa = PBXFileReference; lastKnownFileType = image.jpeg; path = stick_background.jpg; sourceTree = "<group>"; };
		C3B8E0FF1EA5BFFF00739945 /* player4.png */ = {isa = PBXFileReference; lastKnownFileType = image.png; path = player4.png; sourceTree = "<group>"; };
		C3B8E1001EA5BFFF00739945 /* player3.png */ = {isa = PBXFileReference; lastKnownFileType = image.png; path = player3.png; sourceTree = "<group>"; };
		C3B8E1011EA5BFFF00739945 /* player2.png */ = {isa = PBXFileReference; lastKnownFileType = image.png; path = player2.png; sourceTree = "<group>"; };
		C3B8E1021EA5BFFF00739945 /* player1.png */ = {isa = PBXFileReference; lastKnownFileType = image.png; path = player1.png; sourceTree = "<group>"; };
		C3DE330A1EA1AEB4001EE41E /* button_retry_down.png */ = {isa = PBXFileReference; lastKnownFileType = image.png; path = button_retry_down.png; sourceTree = "<group>"; };
		C3DE330B1EA1AEB4001EE41E /* button_retry_up.png */ = {isa = PBXFileReference; lastKnownFileType = image.png; path = button_retry_up.png; sourceTree = "<group>"; };
		C3DE330C1EA1AEB4001EE41E /* stick_background1.jpg */ = {isa = PBXFileReference; lastKnownFileType = image.jpeg; path = stick_background1.jpg; sourceTree = "<group>"; };
		C3DE330D1EA1AEB4001EE41E /* human1.png */ = {isa = PBXFileReference; lastKnownFileType = image.png; path = human1.png; sourceTree = "<group>"; };
		C3DE330E1EA1AEB4001EE41E /* human2.png */ = {isa = PBXFileReference; lastKnownFileType = image.png; path = human2.png; sourceTree = "<group>"; };
		C3DE33151EA1C451001EE41E /* bg_country.mp3 */ = {isa = PBXFileReference; lastKnownFileType = audio.mp3; path = bg_country.mp3; sourceTree = "<group>"; };
		C3DE33161EA1C451001EE41E /* dead.wav */ = {isa = PBXFileReference; lastKnownFileType = audio.wav; path = dead.wav; sourceTree = "<group>"; };
		C3DE33171EA1C451001EE41E /* fall.wav */ = {isa = PBXFileReference; lastKnownFileType = audio.wav; path = fall.wav; sourceTree = "<group>"; };
		C3DE33181EA1C451001EE41E /* highScore.wav */ = {isa = PBXFileReference; lastKnownFileType = audio.wav; path = highScore.wav; sourceTree = "<group>"; };
		C3DE33191EA1C451001EE41E /* kick.wav */ = {isa = PBXFileReference; lastKnownFileType = audio.wav; path = kick.wav; sourceTree = "<group>"; };
		C3DE331A1EA1C451001EE41E /* stick_grow_loop.wav */ = {isa = PBXFileReference; lastKnownFileType = audio.wav; path = stick_grow_loop.wav; sourceTree = "<group>"; };
		C3DE331B1EA1C451001EE41E /* touch_mid.wav */ = {isa = PBXFileReference; lastKnownFileType = audio.wav; path = touch_mid.wav; sourceTree = "<group>"; };
		C3DE331C1EA1C451001EE41E /* victory.wav */ = {isa = PBXFileReference; lastKnownFileType = audio.wav; path = victory.wav; sourceTree = "<group>"; };
		C3DE33251EA1C464001EE41E /* StarExplosion.sks */ = {isa = PBXFileReference; lastKnownFileType = file.sks; path = StarExplosion.sks; sourceTree = "<group>"; };
		C3DE33261EA1C464001EE41E /* starParticle.png */ = {isa = PBXFileReference; lastKnownFileType = image.png; path = starParticle.png; sourceTree = "<group>"; };
/* End PBXFileReference section */

/* Begin PBXFrameworksBuildPhase section */
		17EDF4531E98646C004E5934 /* Frameworks */ = {
			isa = PBXFrameworksBuildPhase;
			buildActionMask = 2147483647;
			files = (
				C32EA0971E9AC60C007DE45D /* GameKit.framework in Frameworks */,
			);
			runOnlyForDeploymentPostprocessing = 0;
		};
		17EDF46D1E98646C004E5934 /* Frameworks */ = {
			isa = PBXFrameworksBuildPhase;
			buildActionMask = 2147483647;
			files = (
			);
			runOnlyForDeploymentPostprocessing = 0;
		};
		17EDF4781E98646C004E5934 /* Frameworks */ = {
			isa = PBXFrameworksBuildPhase;
			buildActionMask = 2147483647;
			files = (
			);
			runOnlyForDeploymentPostprocessing = 0;
		};
/* End PBXFrameworksBuildPhase section */

/* Begin PBXGroup section */
		17EDF44D1E98646C004E5934 = {
			isa = PBXGroup;
			children = (
				17EDF4581E98646C004E5934 /* project6 */,
				17EDF4731E98646C004E5934 /* project6Tests */,
				17EDF47E1E98646C004E5934 /* project6UITests */,
				17EDF4571E98646C004E5934 /* Products */,
				C32EA0951E9AC60C007DE45D /* Frameworks */,
			);
			sourceTree = "<group>";
		};
		17EDF4571E98646C004E5934 /* Products */ = {
			isa = PBXGroup;
			children = (
				17EDF4561E98646C004E5934 /* project6.app */,
				17EDF4701E98646C004E5934 /* project6Tests.xctest */,
				17EDF47B1E98646C004E5934 /* project6UITests.xctest */,
			);
			name = Products;
			sourceTree = "<group>";
		};
		17EDF4581E98646C004E5934 /* project6 */ = {
			isa = PBXGroup;
			children = (
				C3DE33251EA1C464001EE41E /* StarExplosion.sks */,
				C3DE33261EA1C464001EE41E /* starParticle.png */,
				C3DE33141EA1C436001EE41E /* Sounds */,
				C3DE33091EA1AE84001EE41E /* Images */,
				17EDF4591E98646C004E5934 /* AppDelegate.swift */,
				17EDF45B1E98646C004E5934 /* GameScene.sks */,
				17EDF45F1E98646C004E5934 /* GameScene.swift */,
				17EDF4611E98646C004E5934 /* GameViewController.swift */,
				17EDF4631E98646C004E5934 /* Main.storyboard */,
				17EDF4661E98646C004E5934 /* Assets.xcassets */,
				17EDF4681E98646C004E5934 /* LaunchScreen.storyboard */,
				17EDF46B1E98646C004E5934 /* Info.plist */,
				17A1ECCE1EA1AE68003D0951 /* Defined.swift */,
				17A1ECD01EA1B5CA003D0951 /* Tools.swift */,
			);
			path = project6;
			sourceTree = "<group>";
		};
		17EDF4731E98646C004E5934 /* project6Tests */ = {
			isa = PBXGroup;
			children = (
				17EDF4741E98646C004E5934 /* project6Tests.swift */,
				17EDF4761E98646C004E5934 /* Info.plist */,
			);
			path = project6Tests;
			sourceTree = "<group>";
		};
		17EDF47E1E98646C004E5934 /* project6UITests */ = {
			isa = PBXGroup;
			children = (
				17EDF47F1E98646C004E5934 /* project6UITests.swift */,
				17EDF4811E98646C004E5934 /* Info.plist */,
			);
			path = project6UITests;
			sourceTree = "<group>";
		};
		C32EA0951E9AC60C007DE45D /* Frameworks */ = {
			isa = PBXGroup;
			children = (
				C32EA0961E9AC60C007DE45D /* GameKit.framework */,
			);
			name = Frameworks;
			sourceTree = "<group>";
		};
		C3DE33091EA1AE84001EE41E /* Images */ = {
			isa = PBXGroup;
			children = (
				17B789CB1EA5BC6400272B89 /* backImage1.jpg */,
				17B789C91EA5AE8000272B89 /* stack1.png */,
				C383F2F61EA2E7B500D41BA1 /* stick_background.jpg */,
				C3B8E0FF1EA5BFFF00739945 /* player4.png */,
				C3B8E1001EA5BFFF00739945 /* player3.png */,
				C3B8E1011EA5BFFF00739945 /* player2.png */,
				C3B8E1021EA5BFFF00739945 /* player1.png */,
				C3DE330A1EA1AEB4001EE41E /* button_retry_down.png */,
				C3DE330B1EA1AEB4001EE41E /* button_retry_up.png */,
				C3DE330C1EA1AEB4001EE41E /* stick_background1.jpg */,
				C3DE330D1EA1AEB4001EE41E /* human1.png */,
				C3DE330E1EA1AEB4001EE41E /* human2.png */,
			);
			name = Images;
			sourceTree = "<group>";
		};
		C3DE33141EA1C436001EE41E /* Sounds */ = {
			isa = PBXGroup;
			children = (
				C3DE33151EA1C451001EE41E /* bg_country.mp3 */,
				C3DE33161EA1C451001EE41E /* dead.wav */,
				C3DE33171EA1C451001EE41E /* fall.wav */,
				C3DE33181EA1C451001EE41E /* highScore.wav */,
				C3DE33191EA1C451001EE41E /* kick.wav */,
				C3DE331A1EA1C451001EE41E /* stick_grow_loop.wav */,
				C3DE331B1EA1C451001EE41E /* touch_mid.wav */,
				C3DE331C1EA1C451001EE41E /* victory.wav */,
			);
			name = Sounds;
			sourceTree = "<group>";
		};
/* End PBXGroup section */

/* Begin PBXNativeTarget section */
		17EDF4551E98646C004E5934 /* project6 */ = {
			isa = PBXNativeTarget;
			buildConfigurationList = 17EDF4841E98646C004E5934 /* Build configuration list for PBXNativeTarget "project6" */;
			buildPhases = (
				17EDF4521E98646C004E5934 /* Sources */,
				17EDF4531E98646C004E5934 /* Frameworks */,
				17EDF4541E98646C004E5934 /* Resources */,
			);
			buildRules = (
			);
			dependencies = (
			);
			name = project6;
			productName = project6;
			productReference = 17EDF4561E98646C004E5934 /* project6.app */;
			productType = "com.apple.product-type.application";
		};
		17EDF46F1E98646C004E5934 /* project6Tests */ = {
			isa = PBXNativeTarget;
			buildConfigurationList = 17EDF4871E98646C004E5934 /* Build configuration list for PBXNativeTarget "project6Tests" */;
			buildPhases = (
				17EDF46C1E98646C004E5934 /* Sources */,
				17EDF46D1E98646C004E5934 /* Frameworks */,
				17EDF46E1E98646C004E5934 /* Resources */,
			);
			buildRules = (
			);
			dependencies = (
				17EDF4721E98646C004E5934 /* PBXTargetDependency */,
			);
			name = project6Tests;
			productName = project6Tests;
			productReference = 17EDF4701E98646C004E5934 /* project6Tests.xctest */;
			productType = "com.apple.product-type.bundle.unit-test";
		};
		17EDF47A1E98646C004E5934 /* project6UITests */ = {
			isa = PBXNativeTarget;
			buildConfigurationList = 17EDF48A1E98646C004E5934 /* Build configuration list for PBXNativeTarget "project6UITests" */;
			buildPhases = (
				17EDF4771E98646C004E5934 /* Sources */,
				17EDF4781E98646C004E5934 /* Frameworks */,
				17EDF4791E98646C004E5934 /* Resources */,
			);
			buildRules = (
			);
			dependencies = (
				17EDF47D1E98646C004E5934 /* PBXTargetDependency */,
			);
			name = project6UITests;
			productName = project6UITests;
			productReference = 17EDF47B1E98646C004E5934 /* project6UITests.xctest */;
			productType = "com.apple.product-type.bundle.ui-testing";
		};
/* End PBXNativeTarget section */

/* Begin PBXProject section */
		17EDF44E1E98646C004E5934 /* Project object */ = {
			isa = PBXProject;
			attributes = {
				LastSwiftUpdateCheck = 0830;
				LastUpgradeCheck = 0830;
				ORGANIZATIONNAME = "Tushit Jain";
				TargetAttributes = {
					17EDF4551E98646C004E5934 = {
						CreatedOnToolsVersion = 8.3;
						DevelopmentTeam = T9NN4SW3G4;
						ProvisioningStyle = Automatic;
						SystemCapabilities = {
							com.apple.GameCenter = {
								enabled = 1;
							};
						};
					};
					17EDF46F1E98646C004E5934 = {
						CreatedOnToolsVersion = 8.3;
						DevelopmentTeam = T9NN4SW3G4;
						ProvisioningStyle = Automatic;
						TestTargetID = 17EDF4551E98646C004E5934;
					};
					17EDF47A1E98646C004E5934 = {
						CreatedOnToolsVersion = 8.3;
						DevelopmentTeam = T9NN4SW3G4;
						ProvisioningStyle = Automatic;
						TestTargetID = 17EDF4551E98646C004E5934;
					};
				};
			};
			buildConfigurationList = 17EDF4511E98646C004E5934 /* Build configuration list for PBXProject "project6" */;
			compatibilityVersion = "Xcode 3.2";
			developmentRegion = English;
			hasScannedForEncodings = 0;
			knownRegions = (
				en,
				Base,
			);
			mainGroup = 17EDF44D1E98646C004E5934;
			productRefGroup = 17EDF4571E98646C004E5934 /* Products */;
			projectDirPath = "";
			projectRoot = "";
			targets = (
				17EDF4551E98646C004E5934 /* project6 */,
				17EDF46F1E98646C004E5934 /* project6Tests */,
				17EDF47A1E98646C004E5934 /* project6UITests */,
			);
		};
/* End PBXProject section */

/* Begin PBXResourcesBuildPhase section */
		17EDF4541E98646C004E5934 /* Resources */ = {
			isa = PBXResourcesBuildPhase;
			buildActionMask = 2147483647;
			files = (
				C3DE33211EA1C451001EE41E /* kick.wav in Resources */,
				17EDF4651E98646C004E5934 /* Main.storyboard in Resources */,
				17EDF45C1E98646C004E5934 /* GameScene.sks in Resources */,
				17EDF4671E98646C004E5934 /* Assets.xcassets in Resources */,
				C3DE33281EA1C464001EE41E /* starParticle.png in Resources */,
				C3DE33221EA1C451001EE41E /* stick_grow_loop.wav in Resources */,
				C3B8E1041EA5BFFF00739945 /* player3.png in Resources */,
				C3DE33231EA1C451001EE41E /* touch_mid.wav in Resources */,
				C3DE331F1EA1C451001EE41E /* fall.wav in Resources */,
				C3DE330F1EA1AEB4001EE41E /* button_retry_down.png in Resources */,
				C3DE331D1EA1C451001EE41E /* bg_country.mp3 in Resources */,
				C383F2F71EA2E7B500D41BA1 /* stick_background.jpg in Resources */,
				C3B8E1061EA5BFFF00739945 /* player1.png in Resources */,
				17B789CA1EA5AE8000272B89 /* stack1.png in Resources */,
				17EDF46A1E98646C004E5934 /* LaunchScreen.storyboard in Resources */,
				C3DE331E1EA1C451001EE41E /* dead.wav in Resources */,
				17B789CC1EA5BC6400272B89 /* backImage1.jpg in Resources */,
				C3DE33201EA1C451001EE41E /* highScore.wav in Resources */,
				C3DE33131EA1AEB4001EE41E /* human2.png in Resources */,
				C3DE33241EA1C451001EE41E /* victory.wav in Resources */,
				C3DE33101EA1AEB4001EE41E /* button_retry_up.png in Resources */,
				C3DE33111EA1AEB4001EE41E /* stick_background1.jpg in Resources */,
				C3B8E1031EA5BFFF00739945 /* player4.png in Resources */,
				C3B8E1051EA5BFFF00739945 /* player2.png in Resources */,
				C3DE33121EA1AEB4001EE41E /* human1.png in Resources */,
				C3DE33271EA1C464001EE41E /* StarExplosion.sks in Resources */,
			);
			runOnlyForDeploymentPostprocessing = 0;
		};
		17EDF46E1E98646C004E5934 /* Resources */ = {
			isa = PBXResourcesBuildPhase;
			buildActionMask = 2147483647;
			files = (
			);
			runOnlyForDeploymentPostprocessing = 0;
		};
		17EDF4791E98646C004E5934 /* Resources */ = {
			isa = PBXResourcesBuildPhase;
			buildActionMask = 2147483647;
			files = (
			);
			runOnlyForDeploymentPostprocessing = 0;
		};
/* End PBXResourcesBuildPhase section */

/* Begin PBXSourcesBuildPhase section */
		17EDF4521E98646C004E5934 /* Sources */ = {
			isa = PBXSourcesBuildPhase;
			buildActionMask = 2147483647;
			files = (
				17EDF4601E98646C004E5934 /* GameScene.swift in Sources */,
				17EDF4621E98646C004E5934 /* GameViewController.swift in Sources */,
				17EDF45A1E98646C004E5934 /* AppDelegate.swift in Sources */,
				17A1ECCF1EA1AE68003D0951 /* Defined.swift in Sources */,
				17A1ECD11EA1B5CA003D0951 /* Tools.swift in Sources */,
			);
			runOnlyForDeploymentPostprocessing = 0;
		};
		17EDF46C1E98646C004E5934 /* Sources */ = {
			isa = PBXSourcesBuildPhase;
			buildActionMask = 2147483647;
			files = (
				17EDF4751E98646C004E5934 /* project6Tests.swift in Sources */,
			);
			runOnlyForDeploymentPostprocessing = 0;
		};
		17EDF4771E98646C004E5934 /* Sources */ = {
			isa = PBXSourcesBuildPhase;
			buildActionMask = 2147483647;
			files = (
				17EDF4801E98646C004E5934 /* project6UITests.swift in Sources */,
			);
			runOnlyForDeploymentPostprocessing = 0;
		};
/* End PBXSourcesBuildPhase section */

/* Begin PBXTargetDependency section */
		17EDF4721E98646C004E5934 /* PBXTargetDependency */ = {
			isa = PBXTargetDependency;
			target = 17EDF4551E98646C004E5934 /* project6 */;
			targetProxy = 17EDF4711E98646C004E5934 /* PBXContainerItemProxy */;
		};
		17EDF47D1E98646C004E5934 /* PBXTargetDependency */ = {
			isa = PBXTargetDependency;
			target = 17EDF4551E98646C004E5934 /* project6 */;
			targetProxy = 17EDF47C1E98646C004E5934 /* PBXContainerItemProxy */;
		};
/* End PBXTargetDependency section */

/* Begin PBXVariantGroup section */
		17EDF4631E98646C004E5934 /* Main.storyboard */ = {
			isa = PBXVariantGroup;
			children = (
				17EDF4641E98646C004E5934 /* Base */,
			);
			name = Main.storyboard;
			sourceTree = "<group>";
		};
		17EDF4681E98646C004E5934 /* LaunchScreen.storyboard */ = {
			isa = PBXVariantGroup;
			children = (
				17EDF4691E98646C004E5934 /* Base */,
			);
			name = LaunchScreen.storyboard;
			sourceTree = "<group>";
		};
/* End PBXVariantGroup section */

/* Begin XCBuildConfiguration section */
		17EDF4821E98646C004E5934 /* Debug */ = {
			isa = XCBuildConfiguration;
			buildSettings = {
				ALWAYS_SEARCH_USER_PATHS = NO;
				CLANG_ANALYZER_NONNULL = YES;
				CLANG_ANALYZER_NUMBER_OBJECT_CONVERSION = YES_AGGRESSIVE;
				CLANG_CXX_LANGUAGE_STANDARD = "gnu++0x";
				CLANG_CXX_LIBRARY = "libc++";
				CLANG_ENABLE_MODULES = YES;
				CLANG_ENABLE_OBJC_ARC = YES;
				CLANG_WARN_BOOL_CONVERSION = YES;
				CLANG_WARN_CONSTANT_CONVERSION = YES;
				CLANG_WARN_DIRECT_OBJC_ISA_USAGE = YES_ERROR;
				CLANG_WARN_DOCUMENTATION_COMMENTS = YES;
				CLANG_WARN_EMPTY_BODY = YES;
				CLANG_WARN_ENUM_CONVERSION = YES;
				CLANG_WARN_INFINITE_RECURSION = YES;
				CLANG_WARN_INT_CONVERSION = YES;
				CLANG_WARN_OBJC_ROOT_CLASS = YES_ERROR;
				CLANG_WARN_SUSPICIOUS_MOVE = YES;
				CLANG_WARN_UNREACHABLE_CODE = YES;
				CLANG_WARN__DUPLICATE_METHOD_MATCH = YES;
				"CODE_SIGN_IDENTITY[sdk=iphoneos*]" = "iPhone Developer";
				COPY_PHASE_STRIP = NO;
				DEBUG_INFORMATION_FORMAT = dwarf;
				ENABLE_STRICT_OBJC_MSGSEND = YES;
				ENABLE_TESTABILITY = YES;
				GCC_C_LANGUAGE_STANDARD = gnu99;
				GCC_DYNAMIC_NO_PIC = NO;
				GCC_NO_COMMON_BLOCKS = YES;
				GCC_OPTIMIZATION_LEVEL = 0;
				GCC_PREPROCESSOR_DEFINITIONS = (
					"DEBUG=1",
					"$(inherited)",
				);
				GCC_WARN_64_TO_32_BIT_CONVERSION = YES;
				GCC_WARN_ABOUT_RETURN_TYPE = YES_ERROR;
				GCC_WARN_UNDECLARED_SELECTOR = YES;
				GCC_WARN_UNINITIALIZED_AUTOS = YES_AGGRESSIVE;
				GCC_WARN_UNUSED_FUNCTION = YES;
				GCC_WARN_UNUSED_VARIABLE = YES;
				IPHONEOS_DEPLOYMENT_TARGET = 10.3;
				MTL_ENABLE_DEBUG_INFO = YES;
				ONLY_ACTIVE_ARCH = YES;
				SDKROOT = iphoneos;
				SWIFT_ACTIVE_COMPILATION_CONDITIONS = DEBUG;
				SWIFT_OPTIMIZATION_LEVEL = "-Onone";
			};
			name = Debug;
		};
		17EDF4831E98646C004E5934 /* Release */ = {
			isa = XCBuildConfiguration;
			buildSettings = {
				ALWAYS_SEARCH_USER_PATHS = NO;
				CLANG_ANALYZER_NONNULL = YES;
				CLANG_ANALYZER_NUMBER_OBJECT_CONVERSION = YES_AGGRESSIVE;
				CLANG_CXX_LANGUAGE_STANDARD = "gnu++0x";
				CLANG_CXX_LIBRARY = "libc++";
				CLANG_ENABLE_MODULES = YES;
				CLANG_ENABLE_OBJC_ARC = YES;
				CLANG_WARN_BOOL_CONVERSION = YES;
				CLANG_WARN_CONSTANT_CONVERSION = YES;
				CLANG_WARN_DIRECT_OBJC_ISA_USAGE = YES_ERROR;
				CLANG_WARN_DOCUMENTATION_COMMENTS = YES;
				CLANG_WARN_EMPTY_BODY = YES;
				CLANG_WARN_ENUM_CONVERSION = YES;
				CLANG_WARN_INFINITE_RECURSION = YES;
				CLANG_WARN_INT_CONVERSION = YES;
				CLANG_WARN_OBJC_ROOT_CLASS = YES_ERROR;
				CLANG_WARN_SUSPICIOUS_MOVE = YES;
				CLANG_WARN_UNREACHABLE_CODE = YES;
				CLANG_WARN__DUPLICATE_METHOD_MATCH = YES;
				"CODE_SIGN_IDENTITY[sdk=iphoneos*]" = "iPhone Developer";
				COPY_PHASE_STRIP = NO;
				DEBUG_INFORMATION_FORMAT = "dwarf-with-dsym";
				ENABLE_NS_ASSERTIONS = NO;
				ENABLE_STRICT_OBJC_MSGSEND = YES;
				GCC_C_LANGUAGE_STANDARD = gnu99;
				GCC_NO_COMMON_BLOCKS = YES;
				GCC_WARN_64_TO_32_BIT_CONVERSION = YES;
				GCC_WARN_ABOUT_RETURN_TYPE = YES_ERROR;
				GCC_WARN_UNDECLARED_SELECTOR = YES;
				GCC_WARN_UNINITIALIZED_AUTOS = YES_AGGRESSIVE;
				GCC_WARN_UNUSED_FUNCTION = YES;
				GCC_WARN_UNUSED_VARIABLE = YES;
				IPHONEOS_DEPLOYMENT_TARGET = 10.3;
				MTL_ENABLE_DEBUG_INFO = NO;
				SDKROOT = iphoneos;
				SWIFT_OPTIMIZATION_LEVEL = "-Owholemodule";
				VALIDATE_PRODUCT = YES;
			};
			name = Release;
		};
		17EDF4851E98646C004E5934 /* Debug */ = {
			isa = XCBuildConfiguration;
			buildSettings = {
				ASSETCATALOG_COMPILER_APPICON_NAME = AppIcon;
				DEVELOPMENT_TEAM = T9NN4SW3G4;
				INFOPLIST_FILE = project6/Info.plist;
				LD_RUNPATH_SEARCH_PATHS = "$(inherited) @executable_path/Frameworks";
				PRODUCT_BUNDLE_IDENTIFIER = edu.binghamton.tjain3.project6;
				PRODUCT_NAME = "$(TARGET_NAME)";
				SWIFT_VERSION = 3.0;
			};
			name = Debug;
		};
		17EDF4861E98646C004E5934 /* Release */ = {
			isa = XCBuildConfiguration;
			buildSettings = {
				ASSETCATALOG_COMPILER_APPICON_NAME = AppIcon;
				DEVELOPMENT_TEAM = T9NN4SW3G4;
				INFOPLIST_FILE = project6/Info.plist;
				LD_RUNPATH_SEARCH_PATHS = "$(inherited) @executable_path/Frameworks";
				PRODUCT_BUNDLE_IDENTIFIER = edu.binghamton.tjain3.project6;
				PRODUCT_NAME = "$(TARGET_NAME)";
				SWIFT_VERSION = 3.0;
			};
			name = Release;
		};
		17EDF4881E98646C004E5934 /* Debug */ = {
			isa = XCBuildConfiguration;
			buildSettings = {
				ALWAYS_EMBED_SWIFT_STANDARD_LIBRARIES = YES;
				BUNDLE_LOADER = "$(TEST_HOST)";
				DEVELOPMENT_TEAM = T9NN4SW3G4;
				INFOPLIST_FILE = project6Tests/Info.plist;
				LD_RUNPATH_SEARCH_PATHS = "$(inherited) @executable_path/Frameworks @loader_path/Frameworks";
				PRODUCT_BUNDLE_IDENTIFIER = edu.binghamton.tjain3.project6Tests;
				PRODUCT_NAME = "$(TARGET_NAME)";
				SWIFT_VERSION = 3.0;
				TEST_HOST = "$(BUILT_PRODUCTS_DIR)/project6.app/project6";
			};
			name = Debug;
		};
		17EDF4891E98646C004E5934 /* Release */ = {
			isa = XCBuildConfiguration;
			buildSettings = {
				ALWAYS_EMBED_SWIFT_STANDARD_LIBRARIES = YES;
				BUNDLE_LOADER = "$(TEST_HOST)";
				DEVELOPMENT_TEAM = T9NN4SW3G4;
				INFOPLIST_FILE = project6Tests/Info.plist;
				LD_RUNPATH_SEARCH_PATHS = "$(inherited) @executable_path/Frameworks @loader_path/Frameworks";
				PRODUCT_BUNDLE_IDENTIFIER = edu.binghamton.tjain3.project6Tests;
				PRODUCT_NAME = "$(TARGET_NAME)";
				SWIFT_VERSION = 3.0;
				TEST_HOST = "$(BUILT_PRODUCTS_DIR)/project6.app/project6";
			};
			name = Release;
		};
		17EDF48B1E98646C004E5934 /* Debug */ = {
			isa = XCBuildConfiguration;
			buildSettings = {
				ALWAYS_EMBED_SWIFT_STANDARD_LIBRARIES = YES;
				DEVELOPMENT_TEAM = T9NN4SW3G4;
				INFOPLIST_FILE = project6UITests/Info.plist;
				LD_RUNPATH_SEARCH_PATHS = "$(inherited) @executable_path/Frameworks @loader_path/Frameworks";
				PRODUCT_BUNDLE_IDENTIFIER = edu.binghamton.tjain3.project6UITests;
				PRODUCT_NAME = "$(TARGET_NAME)";
				SWIFT_VERSION = 3.0;
				TEST_TARGET_NAME = project6;
			};
			name = Debug;
		};
		17EDF48C1E98646C004E5934 /* Release */ = {
			isa = XCBuildConfiguration;
			buildSettings = {
				ALWAYS_EMBED_SWIFT_STANDARD_LIBRARIES = YES;
				DEVELOPMENT_TEAM = T9NN4SW3G4;
				INFOPLIST_FILE = project6UITests/Info.plist;
				LD_RUNPATH_SEARCH_PATHS = "$(inherited) @executable_path/Frameworks @loader_path/Frameworks";
				PRODUCT_BUNDLE_IDENTIFIER = edu.binghamton.tjain3.project6UITests;
				PRODUCT_NAME = "$(TARGET_NAME)";
				SWIFT_VERSION = 3.0;
				TEST_TARGET_NAME = project6;
			};
			name = Release;
		};
/* End XCBuildConfiguration section */

/* Begin XCConfigurationList section */
		17EDF4511E98646C004E5934 /* Build configuration list for PBXProject "project6" */ = {
			isa = XCConfigurationList;
			buildConfigurations = (
				17EDF4821E98646C004E5934 /* Debug */,
				17EDF4831E98646C004E5934 /* Release */,
			);
			defaultConfigurationIsVisible = 0;
			defaultConfigurationName = Release;
		};
		17EDF4841E98646C004E5934 /* Build configuration list for PBXNativeTarget "project6" */ = {
			isa = XCConfigurationList;
			buildConfigurations = (
				17EDF4851E98646C004E5934 /* Debug */,
				17EDF4861E98646C004E5934 /* Release */,
			);
			defaultConfigurationIsVisible = 0;
			defaultConfigurationName = Release;
		};
		17EDF4871E98646C004E5934 /* Build configuration list for PBXNativeTarget "project6Tests" */ = {
			isa = XCConfigurationList;
			buildConfigurations = (
				17EDF4881E98646C004E5934 /* Debug */,
				17EDF4891E98646C004E5934 /* Release */,
			);
			defaultConfigurationIsVisible = 0;
			defaultConfigurationName = Release;
		};
		17EDF48A1E98646C004E5934 /* Build configuration list for PBXNativeTarget "project6UITests" */ = {
			isa = XCConfigurationList;
			buildConfigurations = (
				17EDF48B1E98646C004E5934 /* Debug */,
				17EDF48C1E98646C004E5934 /* Release */,
			);
			defaultConfigurationIsVisible = 0;
			defaultConfigurationName = Release;
		};
/* End XCConfigurationList section */
	};
	rootObject = 17EDF44E1E98646C004E5934 /* Project object */;
}
